
Microsoft Visual Studio Solution File, Format Version 12.00
# Visual Studio Version 17
VisualStudioVersion = 17.5.002.0
MinimumVisualStudioVersion = 10.0.40219.1
Project("{9A19103F-16F7-4668-BE54-9A1E7A4F7556}") = "EFTutorial", "EFTutorial.csproj", "{C1E0B5AB-F0CA-4500-B70D-EE921D34AA19}"
EndProject
Global
	GlobalSection(SolutionConfigurationPlatforms) = preSolution
		Debug|Any CPU = Debug|Any CPU
		Release|Any CPU = Release|Any CPU
	EndGlobalSection
	GlobalSection(ProjectConfigurationPlatforms) = postSolution
		{C1E0B5AB-F0CA-4500-B70D-EE921D34AA19}.Debug|Any CPU.ActiveCfg = Debug|Any CPU
		{C1E0B5AB-F0CA-4500-B70D-EE921D34AA19}.Debug|Any CPU.Build.0 = Debug|Any CPU
		{C1E0B5AB-F0CA-4500-B70D-EE921D34AA19}.Release|Any CPU.ActiveCfg = Release|Any CPU
		{C1E0B5AB-F0CA-4500-B70D-EE921D34AA19}.Release|Any CPU.Build.0 = Release|Any CPU
	EndGlobalSection
	GlobalSection(SolutionProperties) = preSolution
		HideSolutionNode = FALSE
	EndGlobalSection
	GlobalSection(ExtensibilityGlobals) = postSolution
		SolutionGuid = {9E7A5F5F-3C1D-4018-9DCA-C0334462A96C}
	EndGlobalSection
EndGlobal
